{
    "version": 3,
    "terraform_version": "0.11.11",
    "serial": 19,
    "lineage": "4eebf87f-e41f-8bfa-ad4c-a35a437e79f4",
    "modules": [
        {
            "path": [
                "root"
            ],
            "outputs": {
                "cluster_name": {
                    "sensitive": false,
                    "type": "string",
                    "value": "tf-gke-helm-cicd"
                },
                "cluster_zone": {
                    "sensitive": false,
                    "type": "string",
                    "value": "europe-west3-a"
                },
                "network": {
                    "sensitive": false,
                    "type": "string",
                    "value": "https://www.googleapis.com/compute/v1/projects/ornate-producer-139023/global/networks/tf-gke-helm-jenkins"
                },
                "subnetwork_name": {
                    "sensitive": false,
                    "type": "string",
                    "value": "tf-gke-helm-jenkins"
                }
            },
            "resources": {
                "google_compute_network.default": {
                    "type": "google_compute_network",
                    "depends_on": [],
                    "primary": {
                        "id": "tf-gke-helm-jenkins",
                        "attributes": {
                            "auto_create_subnetworks": "false",
                            "description": "",
                            "gateway_ipv4": "",
                            "id": "tf-gke-helm-jenkins",
                            "ipv4_range": "",
                            "name": "tf-gke-helm-jenkins",
                            "project": "ornate-producer-139023",
                            "routing_mode": "REGIONAL",
                            "self_link": "https://www.googleapis.com/compute/v1/projects/ornate-producer-139023/global/networks/tf-gke-helm-jenkins"
                        },
                        "meta": {},
                        "tainted": false
                    },
                    "deposed": [],
                    "provider": "provider.google"
                },
                "google_compute_subnetwork.default": {
                    "type": "google_compute_subnetwork",
                    "depends_on": [
                        "google_compute_network.default"
                    ],
                    "primary": {
                        "id": "europe-west3/tf-gke-helm-jenkins",
                        "attributes": {
                            "creation_timestamp": "2019-02-19T07:21:58.844-08:00",
                            "description": "",
                            "enable_flow_logs": "false",
                            "fingerprint": "KEVz9x7s7Q8=",
                            "gateway_address": "10.127.0.1",
                            "id": "europe-west3/tf-gke-helm-jenkins",
                            "ip_cidr_range": "10.127.0.0/20",
                            "name": "tf-gke-helm-jenkins",
                            "network": "https://www.googleapis.com/compute/v1/projects/ornate-producer-139023/global/networks/tf-gke-helm-jenkins",
                            "private_ip_google_access": "true",
                            "project": "ornate-producer-139023",
                            "region": "europe-west3",
                            "secondary_ip_range.#": "0",
                            "self_link": "https://www.googleapis.com/compute/v1/projects/ornate-producer-139023/regions/europe-west3/subnetworks/tf-gke-helm-jenkins"
                        },
                        "meta": {
                            "e2bfb730-ecaa-11e6-8f88-34363bc7c4c0": {
                                "create": 360000000000,
                                "delete": 360000000000,
                                "update": 360000000000
                            }
                        },
                        "tainted": false
                    },
                    "deposed": [],
                    "provider": "provider.google"
                },
                "google_container_cluster.default": {
                    "type": "google_container_cluster",
                    "depends_on": [
                        "google_compute_subnetwork.default"
                    ],
                    "primary": {
                        "id": "tf-gke-helm-cicd",
                        "attributes": {
                            "additional_zones.#": "0",
                            "addons_config.#": "1",
                            "addons_config.0.horizontal_pod_autoscaling.#": "0",
                            "addons_config.0.http_load_balancing.#": "0",
                            "addons_config.0.kubernetes_dashboard.#": "1",
                            "addons_config.0.kubernetes_dashboard.0.disabled": "true",
                            "addons_config.0.network_policy_config.#": "1",
                            "addons_config.0.network_policy_config.0.disabled": "true",
                            "cluster_autoscaling.#": "0",
                            "cluster_ipv4_cidr": "10.40.0.0/14",
                            "description": "",
                            "enable_kubernetes_alpha": "false",
                            "enable_legacy_abac": "true",
                            "endpoint": "35.198.189.40",
                            "id": "tf-gke-helm-cicd",
                            "initial_node_count": "3",
                            "instance_group_urls.#": "1",
                            "instance_group_urls.0": "https://www.googleapis.com/compute/v1/projects/ornate-producer-139023/zones/europe-west3-a/instanceGroups/gke-tf-gke-helm-cicd-default-pool-e5761a76-grp",
                            "ip_allocation_policy.#": "0",
                            "logging_service": "logging.googleapis.com",
                            "maintenance_policy.#": "0",
                            "master_auth.#": "1",
                            "master_auth.0.client_certificate": "LS0tLS1CRUdJTiBDRVJUSUZJQ0FURS0tLS0tCk1JSUMyekNDQWNPZ0F3SUJBZ0lSQUk0NHB2bUs0U25iNEJpb215SHRzek13RFFZSktvWklodmNOQVFFTEJRQXcKTHpFdE1Dc0dBMVVFQXhNa1lqZGpNRFV3TmpNdE5EUmxOQzAwWTJFM0xXSmxZekl0WVRSa09EVXpOREl3TmpoawpNQjRYRFRFNU1ESXhPVEUxTWpJeE5Gb1hEVEkwTURJeE9ERTFNakl4TkZvd0VURVBNQTBHQTFVRUF4TUdZMnhwClpXNTBNSUlCSWpBTkJna3Foa2lHOXcwQkFRRUZBQU9DQVE4QU1JSUJDZ0tDQVFFQXVRQ09wT0pvNklrUlc3SGYKZFV5Z3IvbXBTbFhpT3hXN1g3eGVDQitadVkvSTNjUkVYZDAvNVlxd0FNcjhqVCtQQks1eFFQVVZFSkpiNXhaNApXeTdTZjBMWFI1WEMwWkg3NFlTcTAvWUcySDlqcjJOeHg1VnRJd0JEaytXdXU5ay9taUdCYTJXM0F3MzllNFZ2CmxyT2xJaWp6YWhBUlpZQUxrQkIydGJUc1FZNVd4d2ZJWGtOdS9QajkvQUlNYTJMaUwvVEJWTjBnNXAyc096dzUKM0YyNjRIQ2hTVDBFMmdLVytiQldEa1kvaUJ3aytpY3hxZnBuMTZyTkF1RFo2aklBQUx0cHpGUVI4dEw5NFhlKwpFcGNISldmaTYxdE8vdWtLaEJ2TDZlaVNWdHoxR2FSbnJuZ2c3VENuYlNLY0oyUk5MNjhYL0hsZHRwdHFydnF4CjdkK0htUUlEQVFBQm94QXdEakFNQmdOVkhSTUJBZjhFQWpBQU1BMEdDU3FHU0liM0RRRUJDd1VBQTRJQkFRQmUKU1FNZHVYQWhFbkl5QzI0MkZ3UmZJbE9jMW9hMkM1ZGcwb0Qxblh0Vkx1bXA4dXBOTDlXYU1ZeCt5VHY3bnZXKwpHMitMblFxQXpmRWxieXVJck1JMXo5bkJtdlU5VmtPWDgxYXhEekJlQnZmS2FDMzdGTDIwUStjVzgvOTdoeERKCk4yeFBEdHYza2xZSGtIR3FnQm10RWdIZ0dUbUNDRVhSR1pXaXNXWkhzcjYrT3ZrYkZCS0J5WE1Ua2NTTk8reUcKWStwaXBwZ2xVLzhRL2VDd1dxSWcrRGVoN2d6bW1pdC9XMngxRGRuVFVueGplUXZvbGNSc1lVNzNKNEloOFF1MgozRHFsbHpMNmNvaDJ3aTBjaTBaOXR2SUtscEttQVpxdkZoM2ZuY1VvRXVmV1dibzc0OXlXUDRxNkFmNUV0UHJqClFHWTJ5NHh1amlrdEY5R3hzYVcvCi0tLS0tRU5EIENFUlRJRklDQVRFLS0tLS0K",
                            "master_auth.0.client_certificate_config.#": "0",
                            "master_auth.0.client_key": "LS0tLS1CRUdJTiBSU0EgUFJJVkFURSBLRVktLS0tLQpNSUlFcFFJQkFBS0NBUUVBdVFDT3BPSm82SWtSVzdIZmRVeWdyL21wU2xYaU94VzdYN3hlQ0IrWnVZL0kzY1JFClhkMC81WXF3QU1yOGpUK1BCSzV4UVBVVkVKSmI1eFo0V3k3U2YwTFhSNVhDMFpINzRZU3EwL1lHMkg5anIyTngKeDVWdEl3QkRrK1d1dTlrL21pR0JhMlczQXczOWU0VnZsck9sSWlqemFoQVJaWUFMa0JCMnRiVHNRWTVXeHdmSQpYa051L1BqOS9BSU1hMkxpTC9UQlZOMGc1cDJzT3p3NTNGMjY0SENoU1QwRTJnS1crYkJXRGtZL2lCd2sraWN4CnFmcG4xNnJOQXVEWjZqSUFBTHRwekZRUjh0TDk0WGUrRXBjSEpXZmk2MXRPL3VrS2hCdkw2ZWlTVnR6MUdhUm4Kcm5nZzdUQ25iU0tjSjJSTkw2OFgvSGxkdHB0cXJ2cXg3ZCtIbVFJREFRQUJBb0lCQUE1aHZYVVNkOHJaK3Z3NApuZkZCdVgwc3FLMHpjNENaM2lUaFlTTDdCK21OeExUK3dMeldTaFVYWExyWERONlRLaFJZVmt3Uk1XZkdKUGhZClBoZUNrcEVibWw1QmhYRml5cVM3dWtiN2lZa3prQVdPc3NYcjl4M0JNNyt2MjQ5VlluVWlOU3dxN2xrQnNhcTAKVXhveFVYMVFGeW92NFJaVnA3QjFvekRaaFlOTUFlenJNZy9nUnFobnJzeXdjbXorUVRxTm9WaWtkd2Zza3hhaQpBRzVVSFJnNnIySUlDZ0dPTVBqS3VyKzB0SUdzSjJIM1FWcUhBRnVoK3pjUDNhNWhFbHlyNTdzOGUyaFpsTWlICnk2Y2ltOWdRbTJmNy9ZeThVR2VJTUJjcHRXUXdQNkRDU2FGYW5NRVdvNmxFYWNVK2ZsdFkvMWpKU3FhbFphVHkKVlNSSXp5MENnWUVBLzBYb2tuanlyR21jSHhiYUtueVY2SnAwN053R0ZwMitxYXVSVXY2UEV1UFplVW10aE1CMApaU2pMK2RMbkQzWlZBckY2NFJHTEIzR3dkVnkwZ0JwQVE5T1FWREphSkdLWDU2N25iMzlzRklLczhuVFFyb0RNCkYya1RtWWNtMnBibE1BQ09DYWFkS2RUc1BxK2huMXhJaHhGRElpenRyYTZQTExrYWFsY2w5clVDZ1lFQXVZZHMKQStoOVBYOXZXZ0k1YlFKWnZ0M1RXTXhwWFpuZ3V2a0lYMEdTY0NUbWQzM3pRL2s4ZHhWYmE1K2hqZkJCS0c3bgpuY1pCZXgrWjh4bmdsdzFTWXh6UDBHcHJKM2hKelhpRWFnTi9BMjlSRGxzY2hRdkV1NG9NeHBsaTNCakdHTHd1CjlPU0JvYm5yZFQ1OGVkQ0kyQ0RLYXBLR2VrSEJTR2hFTVdZREY5VUNnWUVBOWRmUjRCNXpOL0NOMXJNZmNRT0QKSy94MDF4Z2ZGUERlaW5FZENCejRsV3l5S01qNFAzMUptNUxxdnJLS3JLMTl1WlpMalM1a0FzdE84ZmhTTFgwYQpuemZGTEJGQ0Z3Q000eWZpNDlLSHVFa1JYbjk1NmxWSU9OT05lTEpjak8vOTBYajNVZndRS0JWVFlCdXRQOWlVClVPQWpFMnJKakJjczlCbGdnMEZpNG5FQ2dZRUFvOTN0MU1IYkpKOVRIY0FMTXJJNXpIQ25SSzQvZmxIMGdaQ0cKQ1lTa0wvTVhzSUVKaFljMUZjVkNXeHZDbU5pVTVINllpdTFhVnNLQnVvdW5xQ00zR3AyUEcvbHlyWWo4UHNScwp5Q3BRWEJ0TkQ0My84YStFVTFUS2xmdFNxeTRpZ2lSc29SYlhQSjQzVHZZakFZRGo3V21BLzRKdHpyd1hXTG5uClNXNWQyd1VDZ1lFQTFZVkV6aWl2TVFpRkdhbzdFRkVMbUFqckZQUGI3OEMxQnBiVnFKcDJpeXgwa25LUGUwWVoKRVhxUWYyblZ3dVVmaGZScHpGZzJnY255V0tRNFBTYThYRFRsZjdJbjgyeXA5K0gvK3JWMlZrNURLcW9JRS95SgovRU9xeS9PWEJYaUtRTGF0d25uck04OFErZVRnN3g2R0Jkb3pjUzlZL0ZxL2puTlBUTXhCRHcwPQotLS0tLUVORCBSU0EgUFJJVkFURSBLRVktLS0tLQo=",
                            "master_auth.0.cluster_ca_certificate": "LS0tLS1CRUdJTiBDRVJUSUZJQ0FURS0tLS0tCk1JSURDekNDQWZPZ0F3SUJBZ0lRRFFYaHJtU0VjNFE4NEVJTW5vc0pyREFOQmdrcWhraUc5dzBCQVFzRkFEQXYKTVMwd0t3WURWUVFERXlSaU4yTXdOVEEyTXkwME5HVTBMVFJqWVRjdFltVmpNaTFoTkdRNE5UTTBNakEyT0dRdwpIaGNOTVRrd01qRTVNVFF5TWpFMFdoY05NalF3TWpFNE1UVXlNakUwV2pBdk1TMHdLd1lEVlFRREV5UmlOMk13Ck5UQTJNeTAwTkdVMExUUmpZVGN0WW1Wak1pMWhOR1E0TlRNME1qQTJPR1F3Z2dFaU1BMEdDU3FHU0liM0RRRUIKQVFVQUE0SUJEd0F3Z2dFS0FvSUJBUUNvT0lzOTQxYlViQ3dreXdQeXJ3V3NIVGNQeWRpay9DNy93a25mdSttMApsVmZLTi9iN3hjaG4xemtaU1RraWFETmZIU3gxdHRNR3J3TlVub2pPalFOaHZITE55NCt5RUhDaUVnbGg5ZEMwCncrL3c4YVNOTU5iQ1E4MUNOWnF4dWlLZXhNZGJncHNBckJqVGp5UGFpWlZpOGx0T3IxUXgzVTdhaktyd0k5Q3IKVm5JZ1I5YndTRFBCcEZvRWVQQWl6eEtaM29EcmRDSTJaMGcvc0dBUnA2MFp3c3BVMHMzL1BlS1BVOVVFNFkvWQpnZVF3cXZMeFVJcTBmV2JUaW5lS0ttMXRYZzA1d2wvSEZrWlRnT1JIRzR2VHpvSFJxQWxNMFZIWkQzalptQ0tjCllialVLcVhzYXBpU3JLN3dMcEdybDdIOGN6ZXJNL1JHWG01MVNMN2N4S3dIQWdNQkFBR2pJekFoTUE0R0ExVWQKRHdFQi93UUVBd0lDQkRBUEJnTlZIUk1CQWY4RUJUQURBUUgvTUEwR0NTcUdTSWIzRFFFQkN3VUFBNElCQVFDRQpyUGRTazk2NWpSaXI3d25UaTR3aG9LcloraGEzbVNzT2V5MklqWDJpZjd1WnVGcW1ZSStacG1vckNldVJYVXIxClZqQmNMLy92SjkydzZNRVNpM1NYZndKU0pMVnZ1eWNBbXZtOXl1bS9TR2hySTFWSHVEblJ4bFdVVG1UNFF6aTYKaTVMZDJUYTVRVGZnSGlMZXBVMExVQ1crOVpyc080cHZlbkc0SzFJVGZnTGtRZkRCeDZjY0ExaER3ZkNzS3JBYgpKVThvTkZ1bE9QcWtiTWIwVDJIMjBzVGxEYitrdDllNVNheHUxWk5SZ05ITGM0S2YyOWQyOXZqMnBXbFRiSXp5CmVNWVdBS0drUkhvaGtoMVlWVXBSRFpPSVBjTzIwb1F6OGNsYzJFeU1TQzI1ZVM0MzRVWGJaK2Q3UlQvbjJFSU8KejhMa0xDN01WTU9iOUJ3aWh4eGIKLS0tLS1FTkQgQ0VSVElGSUNBVEUtLS0tLQo=",
                            "master_auth.0.password": "yj1rsW8j2rBeEqMX",
                            "master_auth.0.username": "admin",
                            "master_authorized_networks_config.#": "0",
                            "master_version": "1.11.7-gke.4",
                            "min_master_version": "1.11.7-gke.4",
                            "monitoring_service": "monitoring.googleapis.com",
                            "name": "tf-gke-helm-cicd",
                            "network": "projects/ornate-producer-139023/global/networks/tf-gke-helm-jenkins",
                            "network_policy.#": "1",
                            "network_policy.0.enabled": "false",
                            "network_policy.0.provider": "PROVIDER_UNSPECIFIED",
                            "node_config.#": "1",
                            "node_config.0.disk_size_gb": "30",
                            "node_config.0.disk_type": "pd-standard",
                            "node_config.0.guest_accelerator.#": "0",
                            "node_config.0.image_type": "COS",
                            "node_config.0.labels.%": "0",
                            "node_config.0.local_ssd_count": "0",
                            "node_config.0.machine_type": "n1-standard-1",
                            "node_config.0.metadata.%": "0",
                            "node_config.0.min_cpu_platform": "",
                            "node_config.0.oauth_scopes.#": "7",
                            "node_config.0.oauth_scopes.1277378754": "https://www.googleapis.com/auth/monitoring",
                            "node_config.0.oauth_scopes.1632638332": "https://www.googleapis.com/auth/devstorage.read_only",
                            "node_config.0.oauth_scopes.172152165": "https://www.googleapis.com/auth/logging.write",
                            "node_config.0.oauth_scopes.299962681": "https://www.googleapis.com/auth/compute",
                            "node_config.0.oauth_scopes.316356861": "https://www.googleapis.com/auth/service.management.readonly",
                            "node_config.0.oauth_scopes.3663490875": "https://www.googleapis.com/auth/servicecontrol",
                            "node_config.0.oauth_scopes.3859019814": "https://www.googleapis.com/auth/trace.append",
                            "node_config.0.preemptible": "true",
                            "node_config.0.service_account": "default",
                            "node_config.0.tags.#": "0",
                            "node_config.0.taint.#": "0",
                            "node_config.0.workload_metadata_config.#": "0",
                            "node_pool.#": "1",
                            "node_pool.0.autoscaling.#": "0",
                            "node_pool.0.initial_node_count": "3",
                            "node_pool.0.instance_group_urls.#": "1",
                            "node_pool.0.instance_group_urls.0": "https://www.googleapis.com/compute/v1/projects/ornate-producer-139023/zones/europe-west3-a/instanceGroupManagers/gke-tf-gke-helm-cicd-default-pool-e5761a76-grp",
                            "node_pool.0.management.#": "1",
                            "node_pool.0.management.0.auto_repair": "false",
                            "node_pool.0.management.0.auto_upgrade": "false",
                            "node_pool.0.max_pods_per_node": "0",
                            "node_pool.0.name": "default-pool",
                            "node_pool.0.name_prefix": "",
                            "node_pool.0.node_config.#": "1",
                            "node_pool.0.node_config.0.disk_size_gb": "30",
                            "node_pool.0.node_config.0.disk_type": "pd-standard",
                            "node_pool.0.node_config.0.guest_accelerator.#": "0",
                            "node_pool.0.node_config.0.image_type": "COS",
                            "node_pool.0.node_config.0.labels.%": "0",
                            "node_pool.0.node_config.0.local_ssd_count": "0",
                            "node_pool.0.node_config.0.machine_type": "n1-standard-1",
                            "node_pool.0.node_config.0.metadata.%": "0",
                            "node_pool.0.node_config.0.min_cpu_platform": "",
                            "node_pool.0.node_config.0.oauth_scopes.#": "7",
                            "node_pool.0.node_config.0.oauth_scopes.1277378754": "https://www.googleapis.com/auth/monitoring",
                            "node_pool.0.node_config.0.oauth_scopes.1632638332": "https://www.googleapis.com/auth/devstorage.read_only",
                            "node_pool.0.node_config.0.oauth_scopes.172152165": "https://www.googleapis.com/auth/logging.write",
                            "node_pool.0.node_config.0.oauth_scopes.299962681": "https://www.googleapis.com/auth/compute",
                            "node_pool.0.node_config.0.oauth_scopes.316356861": "https://www.googleapis.com/auth/service.management.readonly",
                            "node_pool.0.node_config.0.oauth_scopes.3663490875": "https://www.googleapis.com/auth/servicecontrol",
                            "node_pool.0.node_config.0.oauth_scopes.3859019814": "https://www.googleapis.com/auth/trace.append",
                            "node_pool.0.node_config.0.preemptible": "true",
                            "node_pool.0.node_config.0.service_account": "default",
                            "node_pool.0.node_config.0.tags.#": "0",
                            "node_pool.0.node_config.0.taint.#": "0",
                            "node_pool.0.node_config.0.workload_metadata_config.#": "0",
                            "node_pool.0.node_count": "3",
                            "node_pool.0.version": "1.11.7-gke.4",
                            "node_version": "1.11.7-gke.4",
                            "private_cluster_config.#": "0",
                            "project": "ornate-producer-139023",
                            "resource_labels.%": "0",
                            "subnetwork": "projects/ornate-producer-139023/regions/europe-west3/subnetworks/tf-gke-helm-jenkins",
                            "zone": "europe-west3-a"
                        },
                        "meta": {
                            "e2bfb730-ecaa-11e6-8f88-34363bc7c4c0": {
                                "create": 1800000000000,
                                "delete": 1800000000000,
                                "update": 1800000000000
                            },
                            "schema_version": "1"
                        },
                        "tainted": false
                    },
                    "deposed": [],
                    "provider": "provider.google"
                }
            },
            "depends_on": []
        }
    ]
}
